
Microsoft Visual Studio Solution File, Format Version 12.00
# Visual Studio Version 17
VisualStudioVersion = 17.6.33829.357
MinimumVisualStudioVersion = 10.0.40219.1
Project("{2150E333-8FDC-42A3-9474-1A3956D46DE8}") = "Controllers", "Controllers", "{B7A0DD2C-1F8C-4434-B86E-52438FB76BA3}"
EndProject
Project("{2150E333-8FDC-42A3-9474-1A3956D46DE8}") = "Entidades", "Entidades", "{8A97D464-7733-41D6-A107-B24CE2252F32}"
EndProject
Project("{2150E333-8FDC-42A3-9474-1A3956D46DE8}") = "GUI", "GUI", "{C3C14ED6-07D2-48F7-A9D0-5F43505E9D9E}"
EndProject
Project("{2150E333-8FDC-42A3-9474-1A3956D46DE8}") = "Interfaces", "Interfaces", "{2DA41737-5C68-47D5-B1FE-3D4D3D22AEDD}"
EndProject
Project("{FAE04EC0-301F-11D3-BF4B-00C04F79EFBC}") = "Entidades", "Entidades\Entidades.csproj", "{7BF1268A-DDA4-4A04-B786-16A248434167}"
EndProject
Project("{FAE04EC0-301F-11D3-BF4B-00C04F79EFBC}") = "Interfaces", "Interfaces\Interfaces.csproj", "{FBEDBB78-122E-4201-823D-914FEB940D9D}"
EndProject
Project("{2150E333-8FDC-42A3-9474-1A3956D46DE8}") = "UnitTesting", "UnitTesting", "{59312585-CEA9-49B0-93A9-72359FF9F84B}"
EndProject
Project("{2150E333-8FDC-42A3-9474-1A3956D46DE8}") = "Exceptions", "Exceptions", "{06A5C7BE-A479-4885-B15D-301DA64D57A8}"
EndProject
Project("{9A19103F-16F7-4668-BE54-9A1E7A4F7556}") = "Aplicacion", "Login\Aplicacion.csproj", "{985CD5BE-B6A0-4CC5-A2BE-7AE870EFF505}"
EndProject
Project("{9A19103F-16F7-4668-BE54-9A1E7A4F7556}") = "Excepciones", "Excepciones\Excepciones.csproj", "{94B64AB4-6C21-4E6B-A029-6F56A9B1955B}"
EndProject
Project("{FAE04EC0-301F-11D3-BF4B-00C04F79EFBC}") = "Controllers", "Controllers\Controllers.csproj", "{5DB3342C-E1F1-4E5E-8E85-2927D2231880}"
EndProject
Project("{FAE04EC0-301F-11D3-BF4B-00C04F79EFBC}") = "UnitTestings", "UnitTestings\UnitTestings.csproj", "{BC4E9F7B-C1DB-4E36-B16A-D1D1CE748662}"
EndProject
Global
	GlobalSection(SolutionConfigurationPlatforms) = preSolution
		Debug|Any CPU = Debug|Any CPU
		Release|Any CPU = Release|Any CPU
	EndGlobalSection
	GlobalSection(ProjectConfigurationPlatforms) = postSolution
		{7BF1268A-DDA4-4A04-B786-16A248434167}.Debug|Any CPU.ActiveCfg = Debug|Any CPU
		{7BF1268A-DDA4-4A04-B786-16A248434167}.Debug|Any CPU.Build.0 = Debug|Any CPU
		{7BF1268A-DDA4-4A04-B786-16A248434167}.Release|Any CPU.ActiveCfg = Release|Any CPU
		{7BF1268A-DDA4-4A04-B786-16A248434167}.Release|Any CPU.Build.0 = Release|Any CPU
		{FBEDBB78-122E-4201-823D-914FEB940D9D}.Debug|Any CPU.ActiveCfg = Debug|Any CPU
		{FBEDBB78-122E-4201-823D-914FEB940D9D}.Debug|Any CPU.Build.0 = Debug|Any CPU
		{FBEDBB78-122E-4201-823D-914FEB940D9D}.Release|Any CPU.ActiveCfg = Release|Any CPU
		{FBEDBB78-122E-4201-823D-914FEB940D9D}.Release|Any CPU.Build.0 = Release|Any CPU
		{985CD5BE-B6A0-4CC5-A2BE-7AE870EFF505}.Debug|Any CPU.ActiveCfg = Debug|Any CPU
		{985CD5BE-B6A0-4CC5-A2BE-7AE870EFF505}.Debug|Any CPU.Build.0 = Debug|Any CPU
		{985CD5BE-B6A0-4CC5-A2BE-7AE870EFF505}.Release|Any CPU.ActiveCfg = Release|Any CPU
		{985CD5BE-B6A0-4CC5-A2BE-7AE870EFF505}.Release|Any CPU.Build.0 = Release|Any CPU
		{94B64AB4-6C21-4E6B-A029-6F56A9B1955B}.Debug|Any CPU.ActiveCfg = Debug|Any CPU
		{94B64AB4-6C21-4E6B-A029-6F56A9B1955B}.Debug|Any CPU.Build.0 = Debug|Any CPU
		{94B64AB4-6C21-4E6B-A029-6F56A9B1955B}.Release|Any CPU.ActiveCfg = Release|Any CPU
		{94B64AB4-6C21-4E6B-A029-6F56A9B1955B}.Release|Any CPU.Build.0 = Release|Any CPU
		{5DB3342C-E1F1-4E5E-8E85-2927D2231880}.Debug|Any CPU.ActiveCfg = Debug|Any CPU
		{5DB3342C-E1F1-4E5E-8E85-2927D2231880}.Debug|Any CPU.Build.0 = Debug|Any CPU
		{5DB3342C-E1F1-4E5E-8E85-2927D2231880}.Release|Any CPU.ActiveCfg = Release|Any CPU
		{5DB3342C-E1F1-4E5E-8E85-2927D2231880}.Release|Any CPU.Build.0 = Release|Any CPU
		{BC4E9F7B-C1DB-4E36-B16A-D1D1CE748662}.Debug|Any CPU.ActiveCfg = Debug|Any CPU
		{BC4E9F7B-C1DB-4E36-B16A-D1D1CE748662}.Debug|Any CPU.Build.0 = Debug|Any CPU
		{BC4E9F7B-C1DB-4E36-B16A-D1D1CE748662}.Release|Any CPU.ActiveCfg = Release|Any CPU
		{BC4E9F7B-C1DB-4E36-B16A-D1D1CE748662}.Release|Any CPU.Build.0 = Release|Any CPU
	EndGlobalSection
	GlobalSection(SolutionProperties) = preSolution
		HideSolutionNode = FALSE
	EndGlobalSection
	GlobalSection(NestedProjects) = preSolution
		{7BF1268A-DDA4-4A04-B786-16A248434167} = {8A97D464-7733-41D6-A107-B24CE2252F32}
		{FBEDBB78-122E-4201-823D-914FEB940D9D} = {2DA41737-5C68-47D5-B1FE-3D4D3D22AEDD}
		{985CD5BE-B6A0-4CC5-A2BE-7AE870EFF505} = {C3C14ED6-07D2-48F7-A9D0-5F43505E9D9E}
		{94B64AB4-6C21-4E6B-A029-6F56A9B1955B} = {06A5C7BE-A479-4885-B15D-301DA64D57A8}
		{5DB3342C-E1F1-4E5E-8E85-2927D2231880} = {B7A0DD2C-1F8C-4434-B86E-52438FB76BA3}
		{BC4E9F7B-C1DB-4E36-B16A-D1D1CE748662} = {59312585-CEA9-49B0-93A9-72359FF9F84B}
	EndGlobalSection
	GlobalSection(ExtensibilityGlobals) = postSolution
		SolutionGuid = {2BD32934-8E30-4101-956A-00F920859233}
	EndGlobalSection
EndGlobal
